
Microsoft Visual Studio Solution File, Format Version 12.00
# Visual Studio Version 17
VisualStudioVersion = 17.7.34024.191
MinimumVisualStudioVersion = 10.0.40219.1
Project("{FAE04EC0-301F-11D3-BF4B-00C04F79EFBC}") = "aplikacja konsolowa z klasmi str 304", "aplikacja konsolowa z klasmi str 304\aplikacja konsolowa z klasmi str 304.csproj", "{836F14B1-A281-4309-8F81-9EC68BCF7C20}"
EndProject
Global
	GlobalSection(SolutionConfigurationPlatforms) = preSolution
		Debug|Any CPU = Debug|Any CPU
		Release|Any CPU = Release|Any CPU
	EndGlobalSection
	GlobalSection(ProjectConfigurationPlatforms) = postSolution
		{836F14B1-A281-4309-8F81-9EC68BCF7C20}.Debug|Any CPU.ActiveCfg = Debug|Any CPU
		{836F14B1-A281-4309-8F81-9EC68BCF7C20}.Debug|Any CPU.Build.0 = Debug|Any CPU
		{836F14B1-A281-4309-8F81-9EC68BCF7C20}.Release|Any CPU.ActiveCfg = Release|Any CPU
		{836F14B1-A281-4309-8F81-9EC68BCF7C20}.Release|Any CPU.Build.0 = Release|Any CPU
	EndGlobalSection
	GlobalSection(SolutionProperties) = preSolution
		HideSolutionNode = FALSE
	EndGlobalSection
	GlobalSection(ExtensibilityGlobals) = postSolution
		SolutionGuid = {8B54B9F5-4043-4739-A431-97CE4AAD0688}
	EndGlobalSection
EndGlobal
