
Microsoft Visual Studio Solution File, Format Version 12.00
# Visual Studio Version 17
VisualStudioVersion = 17.7.34024.191
MinimumVisualStudioVersion = 10.0.40219.1
Project("{FAE04EC0-301F-11D3-BF4B-00C04F79EFBC}") = "zmiana etykiety", "zmiana etykiety\zmiana etykiety.csproj", "{F195E7B0-EB17-4872-9F4E-8E35EB4366CF}"
EndProject
Global
	GlobalSection(SolutionConfigurationPlatforms) = preSolution
		Debug|Any CPU = Debug|Any CPU
		Release|Any CPU = Release|Any CPU
	EndGlobalSection
	GlobalSection(ProjectConfigurationPlatforms) = postSolution
		{F195E7B0-EB17-4872-9F4E-8E35EB4366CF}.Debug|Any CPU.ActiveCfg = Debug|Any CPU
		{F195E7B0-EB17-4872-9F4E-8E35EB4366CF}.Debug|Any CPU.Build.0 = Debug|Any CPU
		{F195E7B0-EB17-4872-9F4E-8E35EB4366CF}.Release|Any CPU.ActiveCfg = Release|Any CPU
		{F195E7B0-EB17-4872-9F4E-8E35EB4366CF}.Release|Any CPU.Build.0 = Release|Any CPU
	EndGlobalSection
	GlobalSection(SolutionProperties) = preSolution
		HideSolutionNode = FALSE
	EndGlobalSection
	GlobalSection(ExtensibilityGlobals) = postSolution
		SolutionGuid = {18AB6531-0BAA-4452-BF31-2B8264F56B1F}
	EndGlobalSection
EndGlobal
