
Microsoft Visual Studio Solution File, Format Version 12.00
# Visual Studio Version 17
VisualStudioVersion = 17.7.34024.191
MinimumVisualStudioVersion = 10.0.40219.1
Project("{FAE04EC0-301F-11D3-BF4B-00C04F79EFBC}") = "Kalkulator zwrotu kosztów str 191", "Kalkulator zwrotu kosztów str 191\Kalkulator zwrotu kosztów str 191.csproj", "{169813A8-2B50-4EFA-926C-9894DCC82C36}"
EndProject
Global
	GlobalSection(SolutionConfigurationPlatforms) = preSolution
		Debug|Any CPU = Debug|Any CPU
		Release|Any CPU = Release|Any CPU
	EndGlobalSection
	GlobalSection(ProjectConfigurationPlatforms) = postSolution
		{169813A8-2B50-4EFA-926C-9894DCC82C36}.Debug|Any CPU.ActiveCfg = Debug|Any CPU
		{169813A8-2B50-4EFA-926C-9894DCC82C36}.Debug|Any CPU.Build.0 = Debug|Any CPU
		{169813A8-2B50-4EFA-926C-9894DCC82C36}.Release|Any CPU.ActiveCfg = Release|Any CPU
		{169813A8-2B50-4EFA-926C-9894DCC82C36}.Release|Any CPU.Build.0 = Release|Any CPU
	EndGlobalSection
	GlobalSection(SolutionProperties) = preSolution
		HideSolutionNode = FALSE
	EndGlobalSection
	GlobalSection(ExtensibilityGlobals) = postSolution
		SolutionGuid = {A4A510B4-3C26-4C52-A78A-F185F1264B6A}
	EndGlobalSection
EndGlobal
