
Microsoft Visual Studio Solution File, Format Version 12.00
# Visual Studio Version 17
VisualStudioVersion = 17.7.34024.191
MinimumVisualStudioVersion = 10.0.40219.1
Project("{FAE04EC0-301F-11D3-BF4B-00C04F79EFBC}") = "Planista przyjęć str 238", "Planista przyjęć str 238\Planista przyjęć str 238.csproj", "{5B179306-9AD5-46AE-8D1F-73759218C3F3}"
EndProject
Global
	GlobalSection(SolutionConfigurationPlatforms) = preSolution
		Debug|Any CPU = Debug|Any CPU
		Release|Any CPU = Release|Any CPU
	EndGlobalSection
	GlobalSection(ProjectConfigurationPlatforms) = postSolution
		{5B179306-9AD5-46AE-8D1F-73759218C3F3}.Debug|Any CPU.ActiveCfg = Debug|Any CPU
		{5B179306-9AD5-46AE-8D1F-73759218C3F3}.Debug|Any CPU.Build.0 = Debug|Any CPU
		{5B179306-9AD5-46AE-8D1F-73759218C3F3}.Release|Any CPU.ActiveCfg = Release|Any CPU
		{5B179306-9AD5-46AE-8D1F-73759218C3F3}.Release|Any CPU.Build.0 = Release|Any CPU
	EndGlobalSection
	GlobalSection(SolutionProperties) = preSolution
		HideSolutionNode = FALSE
	EndGlobalSection
	GlobalSection(ExtensibilityGlobals) = postSolution
		SolutionGuid = {29C3C092-EB42-4F1A-8205-304373AF2D2F}
	EndGlobalSection
EndGlobal
