
Microsoft Visual Studio Solution File, Format Version 12.00
# Visual Studio Version 17
VisualStudioVersion = 17.7.34024.191
MinimumVisualStudioVersion = 10.0.40219.1
Project("{FAE04EC0-301F-11D3-BF4B-00C04F79EFBC}") = "Bar Niechlujny Janek str 207", "Bar Niechlujny Janek str 207\Bar Niechlujny Janek str 207.csproj", "{224C10C7-147B-4BAB-A44B-AB7BEA700A82}"
EndProject
Global
	GlobalSection(SolutionConfigurationPlatforms) = preSolution
		Debug|Any CPU = Debug|Any CPU
		Release|Any CPU = Release|Any CPU
	EndGlobalSection
	GlobalSection(ProjectConfigurationPlatforms) = postSolution
		{224C10C7-147B-4BAB-A44B-AB7BEA700A82}.Debug|Any CPU.ActiveCfg = Debug|Any CPU
		{224C10C7-147B-4BAB-A44B-AB7BEA700A82}.Debug|Any CPU.Build.0 = Debug|Any CPU
		{224C10C7-147B-4BAB-A44B-AB7BEA700A82}.Release|Any CPU.ActiveCfg = Release|Any CPU
		{224C10C7-147B-4BAB-A44B-AB7BEA700A82}.Release|Any CPU.Build.0 = Release|Any CPU
	EndGlobalSection
	GlobalSection(SolutionProperties) = preSolution
		HideSolutionNode = FALSE
	EndGlobalSection
	GlobalSection(ExtensibilityGlobals) = postSolution
		SolutionGuid = {63E6C08D-E297-417B-91E5-4CEE5CCAF95A}
	EndGlobalSection
EndGlobal
